PODS:
  - Google-Mobile-Ads-SDK (7.31.0)

DEPENDENCIES:
  - Google-Mobile-Ads-SDK

SPEC REPOS:
  https://github.com/cocoapods/specs.git:
    - Google-Mobile-Ads-SDK

SPEC CHECKSUMS:
  Google-Mobile-Ads-SDK: 6e529e748b45507a2ca904e0b5a52669ba3920c4

PODFILE CHECKSUM: 9dad9786b7a2be6f4cce7cb73952ece20862ad88

COCOAPODS: 1.5.2
