PODS:
  - Google-Mobile-Ads-SDK (7.31.0)
  - SnapKit (4.0.0)
  - SQLite.swift (0.11.5):
    - SQLite.swift/standard (= 0.11.5)
  - SQLite.swift/standard (0.11.5)
  - UMCAnalytics (5.5.0):
    - UMCCommon
  - UMCCommon (1.5.2)
  - UMCSecurityPlugins (1.0.6)
  - UMCShare/Core (6.9.3):
    - UMCCommon
  - UMCShare/Social/ReducedWeChat (6.9.3):
    - UMCCommon
    - UMCShare/Core

DEPENDENCIES:
  - Google-Mobile-Ads-SDK
  - SnapKit
  - SQLite.swift
  - UMCAnalytics
  - UMCCommon
  - UMCSecurityPlugins
  - UMCShare/Social/ReducedWeChat

SPEC REPOS:
  https://github.com/cocoapods/specs.git:
    - Google-Mobile-Ads-SDK
    - SnapKit
    - SQLite.swift
    - UMCAnalytics
    - UMCCommon
    - UMCSecurityPlugins
    - UMCShare

SPEC CHECKSUMS:
  Google-Mobile-Ads-SDK: 6e529e748b45507a2ca904e0b5a52669ba3920c4
  SnapKit: a42d492c16e80209130a3379f73596c3454b7694
  SQLite.swift: 6e5356850bb1791459f8c16d6ee9195b28714a2e
  UMCAnalytics: 4667788559a72f2fa5077117d1b8802a3b6eb6bb
  UMCCommon: 4392868ac47ff1b101663106bb114ba616fabbad
  UMCSecurityPlugins: 0831a08f3988f3cea9f1d3a7626cd9bee4fef150
  UMCShare: 023886b10d11119331c9c46d8e8a0c31fe67c23e

PODFILE CHECKSUM: ade8683b7845481830dd4f232b3f16451c61d452

COCOAPODS: 1.5.3
