// !$*UTF8*$!
{
	archiveVersion = 1;
	classes = {
	};
	objectVersion = 48;
	objects = {

/* Begin PBXBuildFile section */
		5D4F2BBC1FCD361D0074AE50 /* SKButtonNode.swift in Sources */ = {isa = PBXBuildFile; fileRef = 5D4F2BBB1FCD361D0074AE50 /* SKButtonNode.swift */; };
		5D8D877C1FC41BF700F8C518 /* AppDelegate.swift in Sources */ = {isa = PBXBuildFile; fileRef = 5D8D877B1FC41BF700F8C518 /* AppDelegate.swift */; };
		5D8D87841FC41BF700F8C518 /* GameViewController.swift in Sources */ = {isa = PBXBuildFile; fileRef = 5D8D87831FC41BF700F8C518 /* GameViewController.swift */; };
		5D8D87871FC41BF700F8C518 /* Main.storyboard in Resources */ = {isa = PBXBuildFile; fileRef = 5D8D87851FC41BF700F8C518 /* Main.storyboard */; };
		5D8D87891FC41BF700F8C518 /* Assets.xcassets in Resources */ = {isa = PBXBuildFile; fileRef = 5D8D87881FC41BF700F8C518 /* Assets.xcassets */; };
		5D8D878C1FC41BF700F8C518 /* LaunchScreen.storyboard in Resources */ = {isa = PBXBuildFile; fileRef = 5D8D878A1FC41BF700F8C518 /* LaunchScreen.storyboard */; };
		5D8D87971FC41BF700F8C518 /* Game2048Tests.swift in Sources */ = {isa = PBXBuildFile; fileRef = 5D8D87961FC41BF700F8C518 /* Game2048Tests.swift */; };
		5D8D87A21FC41BF700F8C518 /* Game2048UITests.swift in Sources */ = {isa = PBXBuildFile; fileRef = 5D8D87A11FC41BF700F8C518 /* Game2048UITests.swift */; };
		5DA540FF1FC523C400EE4E9E /* DataManager.swift in Sources */ = {isa = PBXBuildFile; fileRef = 5DA540FE1FC523C400EE4E9E /* DataManager.swift */; };
		5DA541011FC54C1900EE4E9E /* CellModel.swift in Sources */ = {isa = PBXBuildFile; fileRef = 5DA541001FC54C1900EE4E9E /* CellModel.swift */; };
		5DA541031FC5594900EE4E9E /* Constant.swift in Sources */ = {isa = PBXBuildFile; fileRef = 5DA541021FC5594900EE4E9E /* Constant.swift */; };
		5DA541051FC55CE700EE4E9E /* CellNode.swift in Sources */ = {isa = PBXBuildFile; fileRef = 5DA541041FC55CE700EE4E9E /* CellNode.swift */; };
		5DF91B981FC80B5100F30A12 /* MatrixNodeManager.swift in Sources */ = {isa = PBXBuildFile; fileRef = 5DF91B971FC80B5100F30A12 /* MatrixNodeManager.swift */; };
/* End PBXBuildFile section */

/* Begin PBXContainerItemProxy section */
		5D8D87931FC41BF700F8C518 /* PBXContainerItemProxy */ = {
			isa = PBXContainerItemProxy;
			containerPortal = 5D8D87701FC41BF700F8C518 /* Project object */;
			proxyType = 1;
			remoteGlobalIDString = 5D8D87771FC41BF700F8C518;
			remoteInfo = Game2048;
		};
		5D8D879E1FC41BF700F8C518 /* PBXContainerItemProxy */ = {
			isa = PBXContainerItemProxy;
			containerPortal = 5D8D87701FC41BF700F8C518 /* Project object */;
			proxyType = 1;
			remoteGlobalIDString = 5D8D87771FC41BF700F8C518;
			remoteInfo = Game2048;
		};
/* End PBXContainerItemProxy section */

/* Begin PBXFileReference section */
		5D4F2BBB1FCD361D0074AE50 /* SKButtonNode.swift */ = {isa = PBXFileReference; lastKnownFileType = sourcecode.swift; path = SKButtonNode.swift; sourceTree = "<group>"; };
		5D8D87781FC41BF700F8C518 /* Game2048.app */ = {isa = PBXFileReference; explicitFileType = wrapper.application; includeInIndex = 0; path = Game2048.app; sourceTree = BUILT_PRODUCTS_DIR; };
		5D8D877B1FC41BF700F8C518 /* AppDelegate.swift */ = {isa = PBXFileReference; lastKnownFileType = sourcecode.swift; path = AppDelegate.swift; sourceTree = "<group>"; };
		5D8D87831FC41BF700F8C518 /* GameViewController.swift */ = {isa = PBXFileReference; lastKnownFileType = sourcecode.swift; path = GameViewController.swift; sourceTree = "<group>"; };
		5D8D87861FC41BF700F8C518 /* Base */ = {isa = PBXFileReference; lastKnownFileType = file.storyboard; name = Base; path = Base.lproj/Main.storyboard; sourceTree = "<group>"; };
		5D8D87881FC41BF700F8C518 /* Assets.xcassets */ = {isa = PBXFileReference; lastKnownFileType = folder.assetcatalog; path = Assets.xcassets; sourceTree = "<group>"; };
		5D8D878B1FC41BF700F8C518 /* Base */ = {isa = PBXFileReference; lastKnownFileType = file.storyboard; name = Base; path = Base.lproj/LaunchScreen.storyboard; sourceTree = "<group>"; };
		5D8D878D1FC41BF700F8C518 /* Info.plist */ = {isa = PBXFileReference; lastKnownFileType = text.plist.xml; path = Info.plist; sourceTree = "<group>"; };
		5D8D87921FC41BF700F8C518 /* Game2048Tests.xctest */ = {isa = PBXFileReference; explicitFileType = wrapper.cfbundle; includeInIndex = 0; path = Game2048Tests.xctest; sourceTree = BUILT_PRODUCTS_DIR; };
		5D8D87961FC41BF700F8C518 /* Game2048Tests.swift */ = {isa = PBXFileReference; lastKnownFileType = sourcecode.swift; path = Game2048Tests.swift; sourceTree = "<group>"; };
		5D8D87981FC41BF700F8C518 /* Info.plist */ = {isa = PBXFileReference; lastKnownFileType = text.plist.xml; path = Info.plist; sourceTree = "<group>"; };
		5D8D879D1FC41BF700F8C518 /* Game2048UITests.xctest */ = {isa = PBXFileReference; explicitFileType = wrapper.cfbundle; includeInIndex = 0; path = Game2048UITests.xctest; sourceTree = BUILT_PRODUCTS_DIR; };
		5D8D87A11FC41BF700F8C518 /* Game2048UITests.swift */ = {isa = PBXFileReference; lastKnownFileType = sourcecode.swift; path = Game2048UITests.swift; sourceTree = "<group>"; };
		5D8D87A31FC41BF700F8C518 /* Info.plist */ = {isa = PBXFileReference; lastKnownFileType = text.plist.xml; path = Info.plist; sourceTree = "<group>"; };
		5DA540FE1FC523C400EE4E9E /* DataManager.swift */ = {isa = PBXFileReference; lastKnownFileType = sourcecode.swift; path = DataManager.swift; sourceTree = "<group>"; };
		5DA541001FC54C1900EE4E9E /* CellModel.swift */ = {isa = PBXFileReference; lastKnownFileType = sourcecode.swift; path = CellModel.swift; sourceTree = "<group>"; };
		5DA541021FC5594900EE4E9E /* Constant.swift */ = {isa = PBXFileReference; lastKnownFileType = sourcecode.swift; path = Constant.swift; sourceTree = "<group>"; };
		5DA541041FC55CE700EE4E9E /* CellNode.swift */ = {isa = PBXFileReference; lastKnownFileType = sourcecode.swift; path = CellNode.swift; sourceTree = "<group>"; };
		5DF91B971FC80B5100F30A12 /* MatrixNodeManager.swift */ = {isa = PBXFileReference; lastKnownFileType = sourcecode.swift; path = MatrixNodeManager.swift; sourceTree = "<group>"; };
/* End PBXFileReference section */

/* Begin PBXFrameworksBuildPhase section */
		5D8D87751FC41BF700F8C518 /* Frameworks */ = {
			isa = PBXFrameworksBuildPhase;
			buildActionMask = 2147483647;
			files = (
			);
			runOnlyForDeploymentPostprocessing = 0;
		};
		5D8D878F1FC41BF700F8C518 /* Frameworks */ = {
			isa = PBXFrameworksBuildPhase;
			buildActionMask = 2147483647;
			files = (
			);
			runOnlyForDeploymentPostprocessing = 0;
		};
		5D8D879A1FC41BF700F8C518 /* Frameworks */ = {
			isa = PBXFrameworksBuildPhase;
			buildActionMask = 2147483647;
			files = (
			);
			runOnlyForDeploymentPostprocessing = 0;
		};
/* End PBXFrameworksBuildPhase section */

/* Begin PBXGroup section */
		5D8D876F1FC41BF700F8C518 = {
			isa = PBXGroup;
			children = (
				5D8D877A1FC41BF700F8C518 /* Game2048 */,
				5D8D87951FC41BF700F8C518 /* Game2048Tests */,
				5D8D87A01FC41BF700F8C518 /* Game2048UITests */,
				5D8D87791FC41BF700F8C518 /* Products */,
			);
			sourceTree = "<group>";
		};
		5D8D87791FC41BF700F8C518 /* Products */ = {
			isa = PBXGroup;
			children = (
				5D8D87781FC41BF700F8C518 /* Game2048.app */,
				5D8D87921FC41BF700F8C518 /* Game2048Tests.xctest */,
				5D8D879D1FC41BF700F8C518 /* Game2048UITests.xctest */,
			);
			name = Products;
			sourceTree = "<group>";
		};
		5D8D877A1FC41BF700F8C518 /* Game2048 */ = {
			isa = PBXGroup;
			children = (
				5DA540FA1FC523B800EE4E9E /* Game */,
				5D8D877B1FC41BF700F8C518 /* AppDelegate.swift */,
				5D8D87831FC41BF700F8C518 /* GameViewController.swift */,
				5DA541021FC5594900EE4E9E /* Constant.swift */,
				5D8D87851FC41BF700F8C518 /* Main.storyboard */,
				5D8D87881FC41BF700F8C518 /* Assets.xcassets */,
				5D8D878A1FC41BF700F8C518 /* LaunchScreen.storyboard */,
				5D8D878D1FC41BF700F8C518 /* Info.plist */,
			);
			path = Game2048;
			sourceTree = "<group>";
		};
		5D8D87951FC41BF700F8C518 /* Game2048Tests */ = {
			isa = PBXGroup;
			children = (
				5D8D87961FC41BF700F8C518 /* Game2048Tests.swift */,
				5D8D87981FC41BF700F8C518 /* Info.plist */,
			);
			path = Game2048Tests;
			sourceTree = "<group>";
		};
		5D8D87A01FC41BF700F8C518 /* Game2048UITests */ = {
			isa = PBXGroup;
			children = (
				5D8D87A11FC41BF700F8C518 /* Game2048UITests.swift */,
				5D8D87A31FC41BF700F8C518 /* Info.plist */,
			);
			path = Game2048UITests;
			sourceTree = "<group>";
		};
		5DA540FA1FC523B800EE4E9E /* Game */ = {
			isa = PBXGroup;
			children = (
				5DA540FB1FC523B800EE4E9E /* Controller */,
				5DA540FC1FC523B800EE4E9E /* Model */,
				5DA540FD1FC523B800EE4E9E /* View */,
			);
			path = Game;
			sourceTree = "<group>";
		};
		5DA540FB1FC523B800EE4E9E /* Controller */ = {
			isa = PBXGroup;
			children = (
				5DF91B971FC80B5100F30A12 /* MatrixNodeManager.swift */,
			);
			path = Controller;
			sourceTree = "<group>";
		};
		5DA540FC1FC523B800EE4E9E /* Model */ = {
			isa = PBXGroup;
			children = (
				5DA540FE1FC523C400EE4E9E /* DataManager.swift */,
				5DA541001FC54C1900EE4E9E /* CellModel.swift */,
			);
			path = Model;
			sourceTree = "<group>";
		};
		5DA540FD1FC523B800EE4E9E /* View */ = {
			isa = PBXGroup;
			children = (
				5DA541041FC55CE700EE4E9E /* CellNode.swift */,
				5D4F2BBB1FCD361D0074AE50 /* SKButtonNode.swift */,
			);
			path = View;
			sourceTree = "<group>";
		};
/* End PBXGroup section */

/* Begin PBXNativeTarget section */
		5D8D87771FC41BF700F8C518 /* Game2048 */ = {
			isa = PBXNativeTarget;
			buildConfigurationList = 5D8D87A61FC41BF700F8C518 /* Build configuration list for PBXNativeTarget "Game2048" */;
			buildPhases = (
				5D8D87741FC41BF700F8C518 /* Sources */,
				5D8D87751FC41BF700F8C518 /* Frameworks */,
				5D8D87761FC41BF700F8C518 /* Resources */,
			);
			buildRules = (
			);
			dependencies = (
			);
			name = Game2048;
			productName = Game2048;
			productReference = 5D8D87781FC41BF700F8C518 /* Game2048.app */;
			productType = "com.apple.product-type.application";
		};
		5D8D87911FC41BF700F8C518 /* Game2048Tests */ = {
			isa = PBXNativeTarget;
			buildConfigurationList = 5D8D87A91FC41BF700F8C518 /* Build configuration list for PBXNativeTarget "Game2048Tests" */;
			buildPhases = (
				5D8D878E1FC41BF700F8C518 /* Sources */,
				5D8D878F1FC41BF700F8C518 /* Frameworks */,
				5D8D87901FC41BF700F8C518 /* Resources */,
			);
			buildRules = (
			);
			dependencies = (
				5D8D87941FC41BF700F8C518 /* PBXTargetDependency */,
			);
			name = Game2048Tests;
			productName = Game2048Tests;
			productReference = 5D8D87921FC41BF700F8C518 /* Game2048Tests.xctest */;
			productType = "com.apple.product-type.bundle.unit-test";
		};
		5D8D879C1FC41BF700F8C518 /* Game2048UITests */ = {
			isa = PBXNativeTarget;
			buildConfigurationList = 5D8D87AC1FC41BF700F8C518 /* Build configuration list for PBXNativeTarget "Game2048UITests" */;
			buildPhases = (
				5D8D87991FC41BF700F8C518 /* Sources */,
				5D8D879A1FC41BF700F8C518 /* Frameworks */,
				5D8D879B1FC41BF700F8C518 /* Resources */,
			);
			buildRules = (
			);
			dependencies = (
				5D8D879F1FC41BF700F8C518 /* PBXTargetDependency */,
			);
			name = Game2048UITests;
			productName = Game2048UITests;
			productReference = 5D8D879D1FC41BF700F8C518 /* Game2048UITests.xctest */;
			productType = "com.apple.product-type.bundle.ui-testing";
		};
/* End PBXNativeTarget section */

/* Begin PBXProject section */
		5D8D87701FC41BF700F8C518 /* Project object */ = {
			isa = PBXProject;
			attributes = {
				LastSwiftUpdateCheck = 0910;
				LastUpgradeCheck = 0910;
				ORGANIZATIONNAME = guoyi;
				TargetAttributes = {
					5D8D87771FC41BF700F8C518 = {
						CreatedOnToolsVersion = 9.1;
						ProvisioningStyle = Automatic;
					};
					5D8D87911FC41BF700F8C518 = {
						CreatedOnToolsVersion = 9.1;
						ProvisioningStyle = Automatic;
						TestTargetID = 5D8D87771FC41BF700F8C518;
					};
					5D8D879C1FC41BF700F8C518 = {
						CreatedOnToolsVersion = 9.1;
						ProvisioningStyle = Automatic;
						TestTargetID = 5D8D87771FC41BF700F8C518;
					};
				};
			};
			buildConfigurationList = 5D8D87731FC41BF700F8C518 /* Build configuration list for PBXProject "Game2048" */;
			compatibilityVersion = "Xcode 8.0";
			developmentRegion = en;
			hasScannedForEncodings = 0;
			knownRegions = (
				en,
				Base,
			);
			mainGroup = 5D8D876F1FC41BF700F8C518;
			productRefGroup = 5D8D87791FC41BF700F8C518 /* Products */;
			projectDirPath = "";
			projectRoot = "";
			targets = (
				5D8D87771FC41BF700F8C518 /* Game2048 */,
				5D8D87911FC41BF700F8C518 /* Game2048Tests */,
				5D8D879C1FC41BF700F8C518 /* Game2048UITests */,
			);
		};
/* End PBXProject section */

/* Begin PBXResourcesBuildPhase section */
		5D8D87761FC41BF700F8C518 /* Resources */ = {
			isa = PBXResourcesBuildPhase;
			buildActionMask = 2147483647;
			files = (
				5D8D87871FC41BF700F8C518 /* Main.storyboard in Resources */,
				5D8D87891FC41BF700F8C518 /* Assets.xcassets in Resources */,
				5D8D878C1FC41BF700F8C518 /* LaunchScreen.storyboard in Resources */,
			);
			runOnlyForDeploymentPostprocessing = 0;
		};
		5D8D87901FC41BF700F8C518 /* Resources */ = {
			isa = PBXResourcesBuildPhase;
			buildActionMask = 2147483647;
			files = (
			);
			runOnlyForDeploymentPostprocessing = 0;
		};
		5D8D879B1FC41BF700F8C518 /* Resources */ = {
			isa = PBXResourcesBuildPhase;
			buildActionMask = 2147483647;
			files = (
			);
			runOnlyForDeploymentPostprocessing = 0;
		};
/* End PBXResourcesBuildPhase section */

/* Begin PBXSourcesBuildPhase section */
		5D8D87741FC41BF700F8C518 /* Sources */ = {
			isa = PBXSourcesBuildPhase;
			buildActionMask = 2147483647;
			files = (
				5D8D87841FC41BF700F8C518 /* GameViewController.swift in Sources */,
				5DA540FF1FC523C400EE4E9E /* DataManager.swift in Sources */,
				5DA541031FC5594900EE4E9E /* Constant.swift in Sources */,
				5DF91B981FC80B5100F30A12 /* MatrixNodeManager.swift in Sources */,
				5D8D877C1FC41BF700F8C518 /* AppDelegate.swift in Sources */,
				5D4F2BBC1FCD361D0074AE50 /* SKButtonNode.swift in Sources */,
				5DA541011FC54C1900EE4E9E /* CellModel.swift in Sources */,
				5DA541051FC55CE700EE4E9E /* CellNode.swift in Sources */,
			);
			runOnlyForDeploymentPostprocessing = 0;
		};
		5D8D878E1FC41BF700F8C518 /* Sources */ = {
			isa = PBXSourcesBuildPhase;
			buildActionMask = 2147483647;
			files = (
				5D8D87971FC41BF700F8C518 /* Game2048Tests.swift in Sources */,
			);
			runOnlyForDeploymentPostprocessing = 0;
		};
		5D8D87991FC41BF700F8C518 /* Sources */ = {
			isa = PBXSourcesBuildPhase;
			buildActionMask = 2147483647;
			files = (
				5D8D87A21FC41BF700F8C518 /* Game2048UITests.swift in Sources */,
			);
			runOnlyForDeploymentPostprocessing = 0;
		};
/* End PBXSourcesBuildPhase section */

/* Begin PBXTargetDependency section */
		5D8D87941FC41BF700F8C518 /* PBXTargetDependency */ = {
			isa = PBXTargetDependency;
			target = 5D8D87771FC41BF700F8C518 /* Game2048 */;
			targetProxy = 5D8D87931FC41BF700F8C518 /* PBXContainerItemProxy */;
		};
		5D8D879F1FC41BF700F8C518 /* PBXTargetDependency */ = {
			isa = PBXTargetDependency;
			target = 5D8D87771FC41BF700F8C518 /* Game2048 */;
			targetProxy = 5D8D879E1FC41BF700F8C518 /* PBXContainerItemProxy */;
		};
/* End PBXTargetDependency section */

/* Begin PBXVariantGroup section */
		5D8D87851FC41BF700F8C518 /* Main.storyboard */ = {
			isa = PBXVariantGroup;
			children = (
				5D8D87861FC41BF700F8C518 /* Base */,
			);
			name = Main.storyboard;
			sourceTree = "<group>";
		};
		5D8D878A1FC41BF700F8C518 /* LaunchScreen.storyboard */ = {
			isa = PBXVariantGroup;
			children = (
				5D8D878B1FC41BF700F8C518 /* Base */,
			);
			name = LaunchScreen.storyboard;
			sourceTree = "<group>";
		};
/* End PBXVariantGroup section */

/* Begin XCBuildConfiguration section */
		5D8D87A41FC41BF700F8C518 /* Debug */ = {
			isa = XCBuildConfiguration;
			buildSettings = {
				ALWAYS_SEARCH_USER_PATHS = NO;
				CLANG_ANALYZER_NONNULL = YES;
				CLANG_ANALYZER_NUMBER_OBJECT_CONVERSION = YES_AGGRESSIVE;
				CLANG_CXX_LANGUAGE_STANDARD = "gnu++14";
				CLANG_CXX_LIBRARY = "libc++";
				CLANG_ENABLE_MODULES = YES;
				CLANG_ENABLE_OBJC_ARC = YES;
				CLANG_WARN_BLOCK_CAPTURE_AUTORELEASING = YES;
				CLANG_WARN_BOOL_CONVERSION = YES;
				CLANG_WARN_COMMA = YES;
				CLANG_WARN_CONSTANT_CONVERSION = YES;
				CLANG_WARN_DIRECT_OBJC_ISA_USAGE = YES_ERROR;
				CLANG_WARN_DOCUMENTATION_COMMENTS = YES;
				CLANG_WARN_EMPTY_BODY = YES;
				CLANG_WARN_ENUM_CONVERSION = YES;
				CLANG_WARN_INFINITE_RECURSION = YES;
				CLANG_WARN_INT_CONVERSION = YES;
				CLANG_WARN_NON_LITERAL_NULL_CONVERSION = YES;
				CLANG_WARN_OBJC_LITERAL_CONVERSION = YES;
				CLANG_WARN_OBJC_ROOT_CLASS = YES_ERROR;
				CLANG_WARN_RANGE_LOOP_ANALYSIS = YES;
				CLANG_WARN_STRICT_PROTOTYPES = YES;
				CLANG_WARN_SUSPICIOUS_MOVE = YES;
				CLANG_WARN_UNGUARDED_AVAILABILITY = YES_AGGRESSIVE;
				CLANG_WARN_UNREACHABLE_CODE = YES;
				CLANG_WARN__DUPLICATE_METHOD_MATCH = YES;
				CODE_SIGN_IDENTITY = "iPhone Developer";
				COPY_PHASE_STRIP = NO;
				DEBUG_INFORMATION_FORMAT = dwarf;
				ENABLE_STRICT_OBJC_MSGSEND = YES;
				ENABLE_TESTABILITY = YES;
				GCC_C_LANGUAGE_STANDARD = gnu11;
				GCC_DYNAMIC_NO_PIC = NO;
				GCC_NO_COMMON_BLOCKS = YES;
				GCC_OPTIMIZATION_LEVEL = 0;
				GCC_PREPROCESSOR_DEFINITIONS = (
					"DEBUG=1",
					"$(inherited)",
				);
				GCC_WARN_64_TO_32_BIT_CONVERSION = YES;
				GCC_WARN_ABOUT_RETURN_TYPE = YES_ERROR;
				GCC_WARN_UNDECLARED_SELECTOR = YES;
				GCC_WARN_UNINITIALIZED_AUTOS = YES_AGGRESSIVE;
				GCC_WARN_UNUSED_FUNCTION = YES;
				GCC_WARN_UNUSED_VARIABLE = YES;
				IPHONEOS_DEPLOYMENT_TARGET = 11.1;
				MTL_ENABLE_DEBUG_INFO = YES;
				ONLY_ACTIVE_ARCH = YES;
				SDKROOT = iphoneos;
				SWIFT_ACTIVE_COMPILATION_CONDITIONS = DEBUG;
				SWIFT_OPTIMIZATION_LEVEL = "-Onone";
			};
			name = Debug;
		};
		5D8D87A51FC41BF700F8C518 /* Release */ = {
			isa = XCBuildConfiguration;
			buildSettings = {
				ALWAYS_SEARCH_USER_PATHS = NO;
				CLANG_ANALYZER_NONNULL = YES;
				CLANG_ANALYZER_NUMBER_OBJECT_CONVERSION = YES_AGGRESSIVE;
				CLANG_CXX_LANGUAGE_STANDARD = "gnu++14";
				CLANG_CXX_LIBRARY = "libc++";
				CLANG_ENABLE_MODULES = YES;
				CLANG_ENABLE_OBJC_ARC = YES;
				CLANG_WARN_BLOCK_CAPTURE_AUTORELEASING = YES;
				CLANG_WARN_BOOL_CONVERSION = YES;
				CLANG_WARN_COMMA = YES;
				CLANG_WARN_CONSTANT_CONVERSION = YES;
				CLANG_WARN_DIRECT_OBJC_ISA_USAGE = YES_ERROR;
				CLANG_WARN_DOCUMENTATION_COMMENTS = YES;
				CLANG_WARN_EMPTY_BODY = YES;
				CLANG_WARN_ENUM_CONVERSION = YES;
				CLANG_WARN_INFINITE_RECURSION = YES;
				CLANG_WARN_INT_CONVERSION = YES;
				CLANG_WARN_NON_LITERAL_NULL_CONVERSION = YES;
				CLANG_WARN_OBJC_LITERAL_CONVERSION = YES;
				CLANG_WARN_OBJC_ROOT_CLASS = YES_ERROR;
				CLANG_WARN_RANGE_LOOP_ANALYSIS = YES;
				CLANG_WARN_STRICT_PROTOTYPES = YES;
				CLANG_WARN_SUSPICIOUS_MOVE = YES;
				CLANG_WARN_UNGUARDED_AVAILABILITY = YES_AGGRESSIVE;
				CLANG_WARN_UNREACHABLE_CODE = YES;
				CLANG_WARN__DUPLICATE_METHOD_MATCH = YES;
				CODE_SIGN_IDENTITY = "iPhone Developer";
				COPY_PHASE_STRIP = NO;
				DEBUG_INFORMATION_FORMAT = "dwarf-with-dsym";
				ENABLE_NS_ASSERTIONS = NO;
				ENABLE_STRICT_OBJC_MSGSEND = YES;
				GCC_C_LANGUAGE_STANDARD = gnu11;
				GCC_NO_COMMON_BLOCKS = YES;
				GCC_WARN_64_TO_32_BIT_CONVERSION = YES;
				GCC_WARN_ABOUT_RETURN_TYPE = YES_ERROR;
				GCC_WARN_UNDECLARED_SELECTOR = YES;
				GCC_WARN_UNINITIALIZED_AUTOS = YES_AGGRESSIVE;
				GCC_WARN_UNUSED_FUNCTION = YES;
				GCC_WARN_UNUSED_VARIABLE = YES;
				IPHONEOS_DEPLOYMENT_TARGET = 11.1;
				MTL_ENABLE_DEBUG_INFO = NO;
				SDKROOT = iphoneos;
				SWIFT_OPTIMIZATION_LEVEL = "-Owholemodule";
				VALIDATE_PRODUCT = YES;
			};
			name = Release;
		};
		5D8D87A71FC41BF700F8C518 /* Debug */ = {
			isa = XCBuildConfiguration;
			buildSettings = {
				ASSETCATALOG_COMPILER_APPICON_NAME = AppIcon;
				CODE_SIGN_STYLE = Automatic;
				DEVELOPMENT_TEAM = QEJW2BZ99E;
				INFOPLIST_FILE = Game2048/Info.plist;
				IPHONEOS_DEPLOYMENT_TARGET = 8.0;
				LD_RUNPATH_SEARCH_PATHS = "$(inherited) @executable_path/Frameworks";
				PRODUCT_BUNDLE_IDENTIFIER = com.guoyi.Game2048;
				PRODUCT_NAME = "$(TARGET_NAME)";
				SWIFT_VERSION = 4.0;
				TARGETED_DEVICE_FAMILY = "1,2";
			};
			name = Debug;
		};
		5D8D87A81FC41BF700F8C518 /* Release */ = {
			isa = XCBuildConfiguration;
			buildSettings = {
				ASSETCATALOG_COMPILER_APPICON_NAME = AppIcon;
				CODE_SIGN_STYLE = Automatic;
				DEVELOPMENT_TEAM = QEJW2BZ99E;
				INFOPLIST_FILE = Game2048/Info.plist;
				IPHONEOS_DEPLOYMENT_TARGET = 8.0;
				LD_RUNPATH_SEARCH_PATHS = "$(inherited) @executable_path/Frameworks";
				PRODUCT_BUNDLE_IDENTIFIER = com.guoyi.Game2048;
				PRODUCT_NAME = "$(TARGET_NAME)";
				SWIFT_VERSION = 4.0;
				TARGETED_DEVICE_FAMILY = "1,2";
			};
			name = Release;
		};
		5D8D87AA1FC41BF700F8C518 /* Debug */ = {
			isa = XCBuildConfiguration;
			buildSettings = {
				ALWAYS_EMBED_SWIFT_STANDARD_LIBRARIES = YES;
				BUNDLE_LOADER = "$(TEST_HOST)";
				CODE_SIGN_STYLE = Automatic;
				DEVELOPMENT_TEAM = QEJW2BZ99E;
				INFOPLIST_FILE = Game2048Tests/Info.plist;
				LD_RUNPATH_SEARCH_PATHS = "$(inherited) @executable_path/Frameworks @loader_path/Frameworks";
				PRODUCT_BUNDLE_IDENTIFIER = com.guoyi.Game2048Tests;
				PRODUCT_NAME = "$(TARGET_NAME)";
				SWIFT_VERSION = 4.0;
				TARGETED_DEVICE_FAMILY = "1,2";
				TEST_HOST = "$(BUILT_PRODUCTS_DIR)/Game2048.app/Game2048";
			};
			name = Debug;
		};
		5D8D87AB1FC41BF700F8C518 /* Release */ = {
			isa = XCBuildConfiguration;
			buildSettings = {
				ALWAYS_EMBED_SWIFT_STANDARD_LIBRARIES = YES;
				BUNDLE_LOADER = "$(TEST_HOST)";
				CODE_SIGN_STYLE = Automatic;
				DEVELOPMENT_TEAM = QEJW2BZ99E;
				INFOPLIST_FILE = Game2048Tests/Info.plist;
				LD_RUNPATH_SEARCH_PATHS = "$(inherited) @executable_path/Frameworks @loader_path/Frameworks";
				PRODUCT_BUNDLE_IDENTIFIER = com.guoyi.Game2048Tests;
				PRODUCT_NAME = "$(TARGET_NAME)";
				SWIFT_VERSION = 4.0;
				TARGETED_DEVICE_FAMILY = "1,2";
				TEST_HOST = "$(BUILT_PRODUCTS_DIR)/Game2048.app/Game2048";
			};
			name = Release;
		};
		5D8D87AD1FC41BF700F8C518 /* Debug */ = {
			isa = XCBuildConfiguration;
			buildSettings = {
				ALWAYS_EMBED_SWIFT_STANDARD_LIBRARIES = YES;
				CODE_SIGN_STYLE = Automatic;
				DEVELOPMENT_TEAM = QEJW2BZ99E;
				INFOPLIST_FILE = Game2048UITests/Info.plist;
				LD_RUNPATH_SEARCH_PATHS = "$(inherited) @executable_path/Frameworks @loader_path/Frameworks";
				PRODUCT_BUNDLE_IDENTIFIER = com.guoyi.Game2048UITests;
				PRODUCT_NAME = "$(TARGET_NAME)";
				SWIFT_VERSION = 4.0;
				TARGETED_DEVICE_FAMILY = "1,2";
				TEST_TARGET_NAME = Game2048;
			};
			name = Debug;
		};
		5D8D87AE1FC41BF700F8C518 /* Release */ = {
			isa = XCBuildConfiguration;
			buildSettings = {
				ALWAYS_EMBED_SWIFT_STANDARD_LIBRARIES = YES;
				CODE_SIGN_STYLE = Automatic;
				DEVELOPMENT_TEAM = QEJW2BZ99E;
				INFOPLIST_FILE = Game2048UITests/Info.plist;
				LD_RUNPATH_SEARCH_PATHS = "$(inherited) @executable_path/Frameworks @loader_path/Frameworks";
				PRODUCT_BUNDLE_IDENTIFIER = com.guoyi.Game2048UITests;
				PRODUCT_NAME = "$(TARGET_NAME)";
				SWIFT_VERSION = 4.0;
				TARGETED_DEVICE_FAMILY = "1,2";
				TEST_TARGET_NAME = Game2048;
			};
			name = Release;
		};
/* End XCBuildConfiguration section */

/* Begin XCConfigurationList section */
		5D8D87731FC41BF700F8C518 /* Build configuration list for PBXProject "Game2048" */ = {
			isa = XCConfigurationList;
			buildConfigurations = (
				5D8D87A41FC41BF700F8C518 /* Debug */,
				5D8D87A51FC41BF700F8C518 /* Release */,
			);
			defaultConfigurationIsVisible = 0;
			defaultConfigurationName = Release;
		};
		5D8D87A61FC41BF700F8C518 /* Build configuration list for PBXNativeTarget "Game2048" */ = {
			isa = XCConfigurationList;
			buildConfigurations = (
				5D8D87A71FC41BF700F8C518 /* Debug */,
				5D8D87A81FC41BF700F8C518 /* Release */,
			);
			defaultConfigurationIsVisible = 0;
			defaultConfigurationName = Release;
		};
		5D8D87A91FC41BF700F8C518 /* Build configuration list for PBXNativeTarget "Game2048Tests" */ = {
			isa = XCConfigurationList;
			buildConfigurations = (
				5D8D87AA1FC41BF700F8C518 /* Debug */,
				5D8D87AB1FC41BF700F8C518 /* Release */,
			);
			defaultConfigurationIsVisible = 0;
			defaultConfigurationName = Release;
		};
		5D8D87AC1FC41BF700F8C518 /* Build configuration list for PBXNativeTarget "Game2048UITests" */ = {
			isa = XCConfigurationList;
			buildConfigurations = (
				5D8D87AD1FC41BF700F8C518 /* Debug */,
				5D8D87AE1FC41BF700F8C518 /* Release */,
			);
			defaultConfigurationIsVisible = 0;
			defaultConfigurationName = Release;
		};
/* End XCConfigurationList section */
	};
	rootObject = 5D8D87701FC41BF700F8C518 /* Project object */;
}
